// !$*UTF8*$!
{
	archiveVersion = 1;
	classes = {
	};
	objectVersion = 50;
	objects = {

/* Begin PBXBuildFile section */
		D173637A255F9E7700226E21 /* DetailViewController+Contraint.swift in Sources */ = {isa = PBXBuildFile; fileRef = D1736379255F9E7700226E21 /* DetailViewController+Contraint.swift */; };
		D173637E255F9EAA00226E21 /* Detail.storyboard in Resources */ = {isa = PBXBuildFile; fileRef = D173637D255F9EAA00226E21 /* Detail.storyboard */; };
		D1736381255FC27D00226E21 /* BannerCVCell.swift in Sources */ = {isa = PBXBuildFile; fileRef = D1736380255FC27D00226E21 /* BannerCVCell.swift */; };
		D1C08F9B255F89140097D848 /* AppDelegate.swift in Sources */ = {isa = PBXBuildFile; fileRef = D1C08F9A255F89140097D848 /* AppDelegate.swift */; };
		D1C08F9D255F89140097D848 /* SceneDelegate.swift in Sources */ = {isa = PBXBuildFile; fileRef = D1C08F9C255F89140097D848 /* SceneDelegate.swift */; };
		D1C08F9F255F89140097D848 /* ViewController.swift in Sources */ = {isa = PBXBuildFile; fileRef = D1C08F9E255F89140097D848 /* ViewController.swift */; };
		D1C08FA2255F89140097D848 /* Main.storyboard in Resources */ = {isa = PBXBuildFile; fileRef = D1C08FA0255F89140097D848 /* Main.storyboard */; };
		D1C08FA4255F89170097D848 /* Assets.xcassets in Resources */ = {isa = PBXBuildFile; fileRef = D1C08FA3255F89170097D848 /* Assets.xcassets */; };
		D1C08FA7255F89170097D848 /* LaunchScreen.storyboard in Resources */ = {isa = PBXBuildFile; fileRef = D1C08FA5255F89170097D848 /* LaunchScreen.storyboard */; };
		D1C08FC4255F8E060097D848 /* Model.swift in Sources */ = {isa = PBXBuildFile; fileRef = D1C08FC3255F8E060097D848 /* Model.swift */; };
		D1C08FCF255F8E190097D848 /* API.swift in Sources */ = {isa = PBXBuildFile; fileRef = D1C08FCE255F8E190097D848 /* API.swift */; };
		D1C08FD5255F8E2C0097D848 /* Detail.swift in Sources */ = {isa = PBXBuildFile; fileRef = D1C08FD4255F8E2C0097D848 /* Detail.swift */; };
		D1C08FD8255F8E360097D848 /* Story.swift in Sources */ = {isa = PBXBuildFile; fileRef = D1C08FD7255F8E360097D848 /* Story.swift */; };
		D1C08FDB255F8E3A0097D848 /* Cell.swift in Sources */ = {isa = PBXBuildFile; fileRef = D1C08FDA255F8E3A0097D848 /* Cell.swift */; };
		D1D26452255F978A0072F6B1 /* HomeCollectionViewCell.swift in Sources */ = {isa = PBXBuildFile; fileRef = D1D26450255F978A0072F6B1 /* HomeCollectionViewCell.swift */; };
		D1D26453255F978A0072F6B1 /* HomeCollectionViewCell.xib in Resources */ = {isa = PBXBuildFile; fileRef = D1D26451255F978A0072F6B1 /* HomeCollectionViewCell.xib */; };
		D1D264582560FD910072F6B1 /* Items.swift in Sources */ = {isa = PBXBuildFile; fileRef = D1D264572560FD910072F6B1 /* Items.swift */; };
		D1D2645B2560FFE30072F6B1 /* ItemData.swift in Sources */ = {isa = PBXBuildFile; fileRef = D1D2645A2560FFE30072F6B1 /* ItemData.swift */; };
		D1C08FE1255F94640097D848 /* ReusableView.swift in Sources */ = {isa = PBXBuildFile; fileRef = D1C08FE0255F94640097D848 /* ReusableView.swift */; };
		D1C08FE5255F94A60097D848 /* UICollectionView+.swift in Sources */ = {isa = PBXBuildFile; fileRef = D1C08FE4255F94A60097D848 /* UICollectionView+.swift */; };
		D1C08FE8255F94BF0097D848 /* UICollectionViewCell+.swift in Sources */ = {isa = PBXBuildFile; fileRef = D1C08FE7255F94BF0097D848 /* UICollectionViewCell+.swift */; };
		D1C08FEB255F94E10097D848 /* UITableView.swift in Sources */ = {isa = PBXBuildFile; fileRef = D1C08FEA255F94E10097D848 /* UITableView.swift */; };
		D1C08FEE255F95100097D848 /* UITableViewCell+.swift in Sources */ = {isa = PBXBuildFile; fileRef = D1C08FED255F95100097D848 /* UITableViewCell+.swift */; };
		D1C08FF3255F96350097D848 /* DetailViewController.swift in Sources */ = {isa = PBXBuildFile; fileRef = D1C08FF2255F96350097D848 /* DetailViewController.swift */; };
/* End PBXBuildFile section */

/* Begin PBXFileReference section */
		D1736379255F9E7700226E21 /* DetailViewController+Contraint.swift */ = {isa = PBXFileReference; lastKnownFileType = sourcecode.swift; path = "DetailViewController+Contraint.swift"; sourceTree = "<group>"; };
		D173637D255F9EAA00226E21 /* Detail.storyboard */ = {isa = PBXFileReference; lastKnownFileType = file.storyboard; path = Detail.storyboard; sourceTree = "<group>"; };
		D1736380255FC27D00226E21 /* BannerCVCell.swift */ = {isa = PBXFileReference; lastKnownFileType = sourcecode.swift; path = BannerCVCell.swift; sourceTree = "<group>"; };
		D1C08F97255F89140097D848 /* Dangma.app */ = {isa = PBXFileReference; explicitFileType = wrapper.application; includeInIndex = 0; path = Dangma.app; sourceTree = BUILT_PRODUCTS_DIR; };
		D1C08F9A255F89140097D848 /* AppDelegate.swift */ = {isa = PBXFileReference; lastKnownFileType = sourcecode.swift; path = AppDelegate.swift; sourceTree = "<group>"; };
		D1C08F9C255F89140097D848 /* SceneDelegate.swift */ = {isa = PBXFileReference; lastKnownFileType = sourcecode.swift; path = SceneDelegate.swift; sourceTree = "<group>"; };
		D1C08F9E255F89140097D848 /* ViewController.swift */ = {isa = PBXFileReference; lastKnownFileType = sourcecode.swift; path = ViewController.swift; sourceTree = "<group>"; };
		D1C08FA1255F89140097D848 /* Base */ = {isa = PBXFileReference; lastKnownFileType = file.storyboard; name = Base; path = Base.lproj/Main.storyboard; sourceTree = "<group>"; };
		D1C08FA3255F89170097D848 /* Assets.xcassets */ = {isa = PBXFileReference; lastKnownFileType = folder.assetcatalog; path = Assets.xcassets; sourceTree = "<group>"; };
		D1C08FA6255F89170097D848 /* Base */ = {isa = PBXFileReference; lastKnownFileType = file.storyboard; name = Base; path = Base.lproj/LaunchScreen.storyboard; sourceTree = "<group>"; };
		D1C08FA8255F89170097D848 /* Info.plist */ = {isa = PBXFileReference; lastKnownFileType = text.plist.xml; path = Info.plist; sourceTree = "<group>"; };
		D1C08FC3255F8E060097D848 /* Model.swift */ = {isa = PBXFileReference; lastKnownFileType = sourcecode.swift; path = Model.swift; sourceTree = "<group>"; };
		D1C08FCE255F8E190097D848 /* API.swift */ = {isa = PBXFileReference; lastKnownFileType = sourcecode.swift; path = API.swift; sourceTree = "<group>"; };
		D1C08FD4255F8E2C0097D848 /* Detail.swift */ = {isa = PBXFileReference; lastKnownFileType = sourcecode.swift; path = Detail.swift; sourceTree = "<group>"; };
		D1C08FD7255F8E360097D848 /* Story.swift */ = {isa = PBXFileReference; lastKnownFileType = sourcecode.swift; path = Story.swift; sourceTree = "<group>"; };
		D1C08FDA255F8E3A0097D848 /* Cell.swift */ = {isa = PBXFileReference; lastKnownFileType = sourcecode.swift; path = Cell.swift; sourceTree = "<group>"; };
		D1C08FE0255F94640097D848 /* ReusableView.swift */ = {isa = PBXFileReference; lastKnownFileType = sourcecode.swift; path = ReusableView.swift; sourceTree = "<group>"; };
		D1C08FE4255F94A60097D848 /* UICollectionView+.swift */ = {isa = PBXFileReference; lastKnownFileType = sourcecode.swift; path = "UICollectionView+.swift"; sourceTree = "<group>"; };
		D1C08FE7255F94BF0097D848 /* UICollectionViewCell+.swift */ = {isa = PBXFileReference; lastKnownFileType = sourcecode.swift; path = "UICollectionViewCell+.swift"; sourceTree = "<group>"; };
		D1C08FEA255F94E10097D848 /* UITableView.swift */ = {isa = PBXFileReference; lastKnownFileType = sourcecode.swift; path = UITableView.swift; sourceTree = "<group>"; };
		D1C08FED255F95100097D848 /* UITableViewCell+.swift */ = {isa = PBXFileReference; lastKnownFileType = sourcecode.swift; path = "UITableViewCell+.swift"; sourceTree = "<group>"; };
		D1C08FF2255F96350097D848 /* DetailViewController.swift */ = {isa = PBXFileReference; lastKnownFileType = sourcecode.swift; path = DetailViewController.swift; sourceTree = "<group>"; };
		D1D2644A255F92EF0072F6B1 /* SF-Pro-Display-Medium.otf */ = {isa = PBXFileReference; lastKnownFileType = file; path = "SF-Pro-Display-Medium.otf"; sourceTree = "<group>"; };
		D1D2644B255F92EF0072F6B1 /* SF-Pro-Display-Semibold.otf */ = {isa = PBXFileReference; lastKnownFileType = file; path = "SF-Pro-Display-Semibold.otf"; sourceTree = "<group>"; };
		D1D2644C255F92EF0072F6B1 /* SF-Pro-Display-Heavy.otf */ = {isa = PBXFileReference; lastKnownFileType = file; path = "SF-Pro-Display-Heavy.otf"; sourceTree = "<group>"; };
		D1D2644D255F92EF0072F6B1 /* SF-Pro-Display-Bold.otf */ = {isa = PBXFileReference; lastKnownFileType = file; path = "SF-Pro-Display-Bold.otf"; sourceTree = "<group>"; };
		D1D2644E255F92EF0072F6B1 /* SF-Pro-Display-Regular.otf */ = {isa = PBXFileReference; lastKnownFileType = file; path = "SF-Pro-Display-Regular.otf"; sourceTree = "<group>"; };
		D1D26450255F978A0072F6B1 /* HomeCollectionViewCell.swift */ = {isa = PBXFileReference; lastKnownFileType = sourcecode.swift; path = HomeCollectionViewCell.swift; sourceTree = "<group>"; };
		D1D26451255F978A0072F6B1 /* HomeCollectionViewCell.xib */ = {isa = PBXFileReference; lastKnownFileType = file.xib; path = HomeCollectionViewCell.xib; sourceTree = "<group>"; };
		D1D264572560FD910072F6B1 /* Items.swift */ = {isa = PBXFileReference; lastKnownFileType = sourcecode.swift; path = Items.swift; sourceTree = "<group>"; };
		D1D2645A2560FFE30072F6B1 /* ItemData.swift */ = {isa = PBXFileReference; lastKnownFileType = sourcecode.swift; path = ItemData.swift; sourceTree = "<group>"; };
/* End PBXFileReference section */

/* Begin PBXFrameworksBuildPhase section */
		D1C08F94255F89140097D848 /* Frameworks */ = {
			isa = PBXFrameworksBuildPhase;
			buildActionMask = 2147483647;
			files = (
			);
			runOnlyForDeploymentPostprocessing = 0;
		};
/* End PBXFrameworksBuildPhase section */

/* Begin PBXGroup section */
		D1736376255F9E2500226E21 /* Storyboard */ = {
			isa = PBXGroup;
			children = (
				D173637D255F9EAA00226E21 /* Detail.storyboard */,
			);
			path = Storyboard;
			sourceTree = "<group>";
		};
		D1C08F8E255F89140097D848 = {
			isa = PBXGroup;
			children = (
				D1C08F99255F89140097D848 /* Dangma */,
				D1C08F98255F89140097D848 /* Products */,
			);
			sourceTree = "<group>";
		};
		D1C08F98255F89140097D848 /* Products */ = {
			isa = PBXGroup;
			children = (
				D1C08F97255F89140097D848 /* Dangma.app */,
			);
			name = Products;
			sourceTree = "<group>";
		};
		D1C08F99255F89140097D848 /* Dangma */ = {
			isa = PBXGroup;
			children = (
				D1C08FB0255F8C2F0097D848 /* Screens */,
				D1C08FAF255F8C2A0097D848 /* Global */,
			);
			path = Dangma;
			sourceTree = "<group>";
		};
		D1C08FAF255F8C2A0097D848 /* Global */ = {
			isa = PBXGroup;
			children = (
				D1C08FDF255F941B0097D848 /* Protocols */,
				D1C08FBE255F8DE00097D848 /* Supporting Files */,
				D1C08FBD255F8DD60097D848 /* Resources */,
				D1C08FBC255F8DCE0097D848 /* Models */,
				D1C08FBB255F8DB10097D848 /* Extensions */,
				D1C08FBA255F8DAE0097D848 /* Service */,
				D1C08FB1255F8C340097D848 /* App */,
			);
			path = Global;
			sourceTree = "<group>";
		};
		D1C08FB0255F8C2F0097D848 /* Screens */ = {
			isa = PBXGroup;
			children = (
				D1C08FB3255F8D7C0097D848 /* Detail */,
				D1C08FB2255F8D760097D848 /* Main */,
			);
			path = Screens;
			sourceTree = "<group>";
		};
		D1C08FB1255F8C340097D848 /* App */ = {
			isa = PBXGroup;
			children = (
				D1C08F9A255F89140097D848 /* AppDelegate.swift */,
				D1C08F9C255F89140097D848 /* SceneDelegate.swift */,
			);
			path = App;
			sourceTree = "<group>";
		};
		D1C08FB2255F8D760097D848 /* Main */ = {
			isa = PBXGroup;
			children = (
				D1C08FB9255F8D9F0097D848 /* Cells */,
				D1C08FB6255F8D8C0097D848 /* StoryBoard */,
				D1C08FB5255F8D880097D848 /* ViewController */,
			);
			path = Main;
			sourceTree = "<group>";
		};
		D1C08FB3255F8D7C0097D848 /* Detail */ = {
			isa = PBXGroup;
			children = (
				D1736376255F9E2500226E21 /* Storyboard */,
				D1C08FB8255F8D9C0097D848 /* Cells */,
				D1C08FB4255F8D840097D848 /* ViewController */,
			);
			path = Detail;
			sourceTree = "<group>";
		};
		D1C08FB4255F8D840097D848 /* ViewController */ = {
			isa = PBXGroup;
			children = (
				D1C08FF2255F96350097D848 /* DetailViewController.swift */,
				D1736379255F9E7700226E21 /* DetailViewController+Contraint.swift */,
			);
			path = ViewController;
			sourceTree = "<group>";
		};
		D1C08FB5255F8D880097D848 /* ViewController */ = {
			isa = PBXGroup;
			children = (
				D1C08F9E255F89140097D848 /* ViewController.swift */,
			);
			path = ViewController;
			sourceTree = "<group>";
		};
		D1C08FB6255F8D8C0097D848 /* StoryBoard */ = {
			isa = PBXGroup;
			children = (
				D1C08FA0255F89140097D848 /* Main.storyboard */,
			);
			path = StoryBoard;
			sourceTree = "<group>";
		};
		D1C08FB8255F8D9C0097D848 /* Cells */ = {
			isa = PBXGroup;
			children = (
				D1736380255FC27D00226E21 /* BannerCVCell.swift */,
			);
			path = Cells;
			sourceTree = "<group>";
		};
		D1C08FB9255F8D9F0097D848 /* Cells */ = {
			isa = PBXGroup;
			children = (
				D1D26450255F978A0072F6B1 /* HomeCollectionViewCell.swift */,
				D1D26451255F978A0072F6B1 /* HomeCollectionViewCell.xib */,
			);
			path = Cells;
			sourceTree = "<group>";
		};
		D1C08FBA255F8DAE0097D848 /* Service */ = {
			isa = PBXGroup;
			children = (
				D1C08FCE255F8E190097D848 /* API.swift */,
			);
			path = Service;
			sourceTree = "<group>";
		};
		D1C08FBB255F8DB10097D848 /* Extensions */ = {
			isa = PBXGroup;
			children = (
				D1C08FE4255F94A60097D848 /* UICollectionView+.swift */,
				D1C08FE7255F94BF0097D848 /* UICollectionViewCell+.swift */,
				D1C08FEA255F94E10097D848 /* UITableView.swift */,
				D1C08FED255F95100097D848 /* UITableViewCell+.swift */,
			);
			path = Extensions;
			sourceTree = "<group>";
		};
		D1C08FBC255F8DCE0097D848 /* Models */ = {
			isa = PBXGroup;
			children = (
				D1C08FC3255F8E060097D848 /* Model.swift */,
				D1D264572560FD910072F6B1 /* Items.swift */,
				D1D2645A2560FFE30072F6B1 /* ItemData.swift */,
			);
			path = Models;
			sourceTree = "<group>";
		};
		D1C08FBD255F8DD60097D848 /* Resources */ = {
			isa = PBXGroup;
			children = (
				D1C08FA5255F89170097D848 /* LaunchScreen.storyboard */,
				D1C08FA3255F89170097D848 /* Assets.xcassets */,
				D1D26449255F92A20072F6B1 /* Fonts */,
			);
			path = Resources;
			sourceTree = "<group>";
		};
		D1C08FBE255F8DE00097D848 /* Supporting Files */ = {
			isa = PBXGroup;
			children = (
				D1C08FA8255F89170097D848 /* Info.plist */,
			);
			path = "Supporting Files";
			sourceTree = "<group>";
		};
		D1C08FDF255F941B0097D848 /* Protocols */ = {
			isa = PBXGroup;
			children = (
				D1C08FE0255F94640097D848 /* ReusableView.swift */,
			);
			path = Protocols;
			sourceTree = "<group>";
		};
		D1D26449255F92A20072F6B1 /* Fonts */ = {
			isa = PBXGroup;
			children = (
				D1D2644D255F92EF0072F6B1 /* SF-Pro-Display-Bold.otf */,
				D1D2644C255F92EF0072F6B1 /* SF-Pro-Display-Heavy.otf */,
				D1D2644A255F92EF0072F6B1 /* SF-Pro-Display-Medium.otf */,
				D1D2644E255F92EF0072F6B1 /* SF-Pro-Display-Regular.otf */,
				D1D2644B255F92EF0072F6B1 /* SF-Pro-Display-Semibold.otf */,
			);
			path = Fonts;
			sourceTree = "<group>";
		};
/* End PBXGroup section */

/* Begin PBXNativeTarget section */
		D1C08F96255F89140097D848 /* Dangma */ = {
			isa = PBXNativeTarget;
			buildConfigurationList = D1C08FAB255F89170097D848 /* Build configuration list for PBXNativeTarget "Dangma" */;
			buildPhases = (
				D1C08F93255F89140097D848 /* Sources */,
				D1C08F94255F89140097D848 /* Frameworks */,
				D1C08F95255F89140097D848 /* Resources */,
			);
			buildRules = (
			);
			dependencies = (
			);
			name = Dangma;
			productName = Dangma;
			productReference = D1C08F97255F89140097D848 /* Dangma.app */;
			productType = "com.apple.product-type.application";
		};
/* End PBXNativeTarget section */

/* Begin PBXProject section */
		D1C08F8F255F89140097D848 /* Project object */ = {
			isa = PBXProject;
			attributes = {
				LastSwiftUpdateCheck = 1200;
				LastUpgradeCheck = 1200;
				TargetAttributes = {
					D1C08F96255F89140097D848 = {
						CreatedOnToolsVersion = 12.0.1;
					};
				};
			};
			buildConfigurationList = D1C08F92255F89140097D848 /* Build configuration list for PBXProject "Dangma" */;
			compatibilityVersion = "Xcode 9.3";
			developmentRegion = en;
			hasScannedForEncodings = 0;
			knownRegions = (
				en,
				Base,
			);
			mainGroup = D1C08F8E255F89140097D848;
			productRefGroup = D1C08F98255F89140097D848 /* Products */;
			projectDirPath = "";
			projectRoot = "";
			targets = (
				D1C08F96255F89140097D848 /* Dangma */,
			);
		};
/* End PBXProject section */

/* Begin PBXResourcesBuildPhase section */
		D1C08F95255F89140097D848 /* Resources */ = {
			isa = PBXResourcesBuildPhase;
			buildActionMask = 2147483647;
			files = (
				D1C08FA7255F89170097D848 /* LaunchScreen.storyboard in Resources */,
				D1C08FA4255F89170097D848 /* Assets.xcassets in Resources */,
				D1C08FA2255F89140097D848 /* Main.storyboard in Resources */,
				D1D26453255F978A0072F6B1 /* HomeCollectionViewCell.xib in Resources */,
			);
			runOnlyForDeploymentPostprocessing = 0;
		};
/* End PBXResourcesBuildPhase section */

/* Begin PBXSourcesBuildPhase section */
		D1C08F93255F89140097D848 /* Sources */ = {
			isa = PBXSourcesBuildPhase;
			buildActionMask = 2147483647;
			files = (
				D1C08F9F255F89140097D848 /* ViewController.swift in Sources */,
				D1C08FEE255F95100097D848 /* UITableViewCell+.swift in Sources */,
				D1C08FD2255F8E220097D848 /* Cell.swift in Sources */,
				D1C08FE1255F94640097D848 /* ReusableView.swift in Sources */,
				D1C08F9B255F89140097D848 /* AppDelegate.swift in Sources */,
				D1C08F9D255F89140097D848 /* SceneDelegate.swift in Sources */,
				D1D264582560FD910072F6B1 /* Items.swift in Sources */,
				D1D2645B2560FFE30072F6B1 /* ItemData.swift in Sources */,
				D1D26452255F978A0072F6B1 /* HomeCollectionViewCell.swift in Sources */,
				D1C08FCF255F8E190097D848 /* API.swift in Sources */,
				D1C08FE8255F94BF0097D848 /* UICollectionViewCell+.swift in Sources */,
				D1C08FC4255F8E060097D848 /* Model.swift in Sources */,
				D1C08FE5255F94A60097D848 /* UICollectionView+.swift in Sources */,
				D1736381255FC27D00226E21 /* BannerCVCell.swift in Sources */,
				D173637A255F9E7700226E21 /* DetailViewController+Contraint.swift in Sources */,
				D1C08FEB255F94E10097D848 /* UITableView.swift in Sources */,
				D1C08FF3255F96350097D848 /* DetailViewController.swift in Sources */,
			);
			runOnlyForDeploymentPostprocessing = 0;
		};
/* End PBXSourcesBuildPhase section */

/* Begin PBXVariantGroup section */
		D1C08FA0255F89140097D848 /* Main.storyboard */ = {
			isa = PBXVariantGroup;
			children = (
				D1C08FA1255F89140097D848 /* Base */,
			);
			name = Main.storyboard;
			sourceTree = "<group>";
		};
		D1C08FA5255F89170097D848 /* LaunchScreen.storyboard */ = {
			isa = PBXVariantGroup;
			children = (
				D1C08FA6255F89170097D848 /* Base */,
			);
			name = LaunchScreen.storyboard;
			sourceTree = "<group>";
		};
/* End PBXVariantGroup section */

/* Begin XCBuildConfiguration section */
		D1C08FA9255F89170097D848 /* Debug */ = {
			isa = XCBuildConfiguration;
			buildSettings = {
				ALWAYS_SEARCH_USER_PATHS = NO;
				CLANG_ANALYZER_NONNULL = YES;
				CLANG_ANALYZER_NUMBER_OBJECT_CONVERSION = YES_AGGRESSIVE;
				CLANG_CXX_LANGUAGE_STANDARD = "gnu++14";
				CLANG_CXX_LIBRARY = "libc++";
				CLANG_ENABLE_MODULES = YES;
				CLANG_ENABLE_OBJC_ARC = YES;
				CLANG_ENABLE_OBJC_WEAK = YES;
				CLANG_WARN_BLOCK_CAPTURE_AUTORELEASING = YES;
				CLANG_WARN_BOOL_CONVERSION = YES;
				CLANG_WARN_COMMA = YES;
				CLANG_WARN_CONSTANT_CONVERSION = YES;
				CLANG_WARN_DEPRECATED_OBJC_IMPLEMENTATIONS = YES;
				CLANG_WARN_DIRECT_OBJC_ISA_USAGE = YES_ERROR;
				CLANG_WARN_DOCUMENTATION_COMMENTS = YES;
				CLANG_WARN_EMPTY_BODY = YES;
				CLANG_WARN_ENUM_CONVERSION = YES;
				CLANG_WARN_INFINITE_RECURSION = YES;
				CLANG_WARN_INT_CONVERSION = YES;
				CLANG_WARN_NON_LITERAL_NULL_CONVERSION = YES;
				CLANG_WARN_OBJC_IMPLICIT_RETAIN_SELF = YES;
				CLANG_WARN_OBJC_LITERAL_CONVERSION = YES;
				CLANG_WARN_OBJC_ROOT_CLASS = YES_ERROR;
				CLANG_WARN_QUOTED_INCLUDE_IN_FRAMEWORK_HEADER = YES;
				CLANG_WARN_RANGE_LOOP_ANALYSIS = YES;
				CLANG_WARN_STRICT_PROTOTYPES = YES;
				CLANG_WARN_SUSPICIOUS_MOVE = YES;
				CLANG_WARN_UNGUARDED_AVAILABILITY = YES_AGGRESSIVE;
				CLANG_WARN_UNREACHABLE_CODE = YES;
				CLANG_WARN__DUPLICATE_METHOD_MATCH = YES;
				COPY_PHASE_STRIP = NO;
				DEBUG_INFORMATION_FORMAT = dwarf;
				ENABLE_STRICT_OBJC_MSGSEND = YES;
				ENABLE_TESTABILITY = YES;
				GCC_C_LANGUAGE_STANDARD = gnu11;
				GCC_DYNAMIC_NO_PIC = NO;
				GCC_NO_COMMON_BLOCKS = YES;
				GCC_OPTIMIZATION_LEVEL = 0;
				GCC_PREPROCESSOR_DEFINITIONS = (
					"DEBUG=1",
					"$(inherited)",
				);
				GCC_WARN_64_TO_32_BIT_CONVERSION = YES;
				GCC_WARN_ABOUT_RETURN_TYPE = YES_ERROR;
				GCC_WARN_UNDECLARED_SELECTOR = YES;
				GCC_WARN_UNINITIALIZED_AUTOS = YES_AGGRESSIVE;
				GCC_WARN_UNUSED_FUNCTION = YES;
				GCC_WARN_UNUSED_VARIABLE = YES;
				IPHONEOS_DEPLOYMENT_TARGET = 14.0;
				MTL_ENABLE_DEBUG_INFO = INCLUDE_SOURCE;
				MTL_FAST_MATH = YES;
				ONLY_ACTIVE_ARCH = YES;
				SDKROOT = iphoneos;
				SWIFT_ACTIVE_COMPILATION_CONDITIONS = DEBUG;
				SWIFT_OPTIMIZATION_LEVEL = "-Onone";
			};
			name = Debug;
		};
		D1C08FAA255F89170097D848 /* Release */ = {
			isa = XCBuildConfiguration;
			buildSettings = {
				ALWAYS_SEARCH_USER_PATHS = NO;
				CLANG_ANALYZER_NONNULL = YES;
				CLANG_ANALYZER_NUMBER_OBJECT_CONVERSION = YES_AGGRESSIVE;
				CLANG_CXX_LANGUAGE_STANDARD = "gnu++14";
				CLANG_CXX_LIBRARY = "libc++";
				CLANG_ENABLE_MODULES = YES;
				CLANG_ENABLE_OBJC_ARC = YES;
				CLANG_ENABLE_OBJC_WEAK = YES;
				CLANG_WARN_BLOCK_CAPTURE_AUTORELEASING = YES;
				CLANG_WARN_BOOL_CONVERSION = YES;
				CLANG_WARN_COMMA = YES;
				CLANG_WARN_CONSTANT_CONVERSION = YES;
				CLANG_WARN_DEPRECATED_OBJC_IMPLEMENTATIONS = YES;
				CLANG_WARN_DIRECT_OBJC_ISA_USAGE = YES_ERROR;
				CLANG_WARN_DOCUMENTATION_COMMENTS = YES;
				CLANG_WARN_EMPTY_BODY = YES;
				CLANG_WARN_ENUM_CONVERSION = YES;
				CLANG_WARN_INFINITE_RECURSION = YES;
				CLANG_WARN_INT_CONVERSION = YES;
				CLANG_WARN_NON_LITERAL_NULL_CONVERSION = YES;
				CLANG_WARN_OBJC_IMPLICIT_RETAIN_SELF = YES;
				CLANG_WARN_OBJC_LITERAL_CONVERSION = YES;
				CLANG_WARN_OBJC_ROOT_CLASS = YES_ERROR;
				CLANG_WARN_QUOTED_INCLUDE_IN_FRAMEWORK_HEADER = YES;
				CLANG_WARN_RANGE_LOOP_ANALYSIS = YES;
				CLANG_WARN_STRICT_PROTOTYPES = YES;
				CLANG_WARN_SUSPICIOUS_MOVE = YES;
				CLANG_WARN_UNGUARDED_AVAILABILITY = YES_AGGRESSIVE;
				CLANG_WARN_UNREACHABLE_CODE = YES;
				CLANG_WARN__DUPLICATE_METHOD_MATCH = YES;
				COPY_PHASE_STRIP = NO;
				DEBUG_INFORMATION_FORMAT = "dwarf-with-dsym";
				ENABLE_NS_ASSERTIONS = NO;
				ENABLE_STRICT_OBJC_MSGSEND = YES;
				GCC_C_LANGUAGE_STANDARD = gnu11;
				GCC_NO_COMMON_BLOCKS = YES;
				GCC_WARN_64_TO_32_BIT_CONVERSION = YES;
				GCC_WARN_ABOUT_RETURN_TYPE = YES_ERROR;
				GCC_WARN_UNDECLARED_SELECTOR = YES;
				GCC_WARN_UNINITIALIZED_AUTOS = YES_AGGRESSIVE;
				GCC_WARN_UNUSED_FUNCTION = YES;
				GCC_WARN_UNUSED_VARIABLE = YES;
				IPHONEOS_DEPLOYMENT_TARGET = 14.0;
				MTL_ENABLE_DEBUG_INFO = NO;
				MTL_FAST_MATH = YES;
				SDKROOT = iphoneos;
				SWIFT_COMPILATION_MODE = wholemodule;
				SWIFT_OPTIMIZATION_LEVEL = "-O";
				VALIDATE_PRODUCT = YES;
			};
			name = Release;
		};
		D1C08FAC255F89170097D848 /* Debug */ = {
			isa = XCBuildConfiguration;
			buildSettings = {
				ASSETCATALOG_COMPILER_APPICON_NAME = AppIcon;
				ASSETCATALOG_COMPILER_GLOBAL_ACCENT_COLOR_NAME = AccentColor;
				CODE_SIGN_STYLE = Automatic;
				DEVELOPMENT_TEAM = 36BC59Q598;
				INFOPLIST_FILE = "Dangma/Global/Supporting Files/Info.plist";
				IPHONEOS_DEPLOYMENT_TARGET = 13.0;
				LD_RUNPATH_SEARCH_PATHS = (
					"$(inherited)",
					"@executable_path/Frameworks",
				);
				PRODUCT_BUNDLE_IDENTIFIER = com.sopt.Dangma;
				PRODUCT_NAME = "$(TARGET_NAME)";
				SWIFT_VERSION = 5.0;
				TARGETED_DEVICE_FAMILY = 1;
			};
			name = Debug;
		};
		D1C08FAD255F89170097D848 /* Release */ = {
			isa = XCBuildConfiguration;
			buildSettings = {
				ASSETCATALOG_COMPILER_APPICON_NAME = AppIcon;
				ASSETCATALOG_COMPILER_GLOBAL_ACCENT_COLOR_NAME = AccentColor;
				CODE_SIGN_STYLE = Automatic;
				DEVELOPMENT_TEAM = 36BC59Q598;
				INFOPLIST_FILE = "Dangma/Global/Supporting Files/Info.plist";
				IPHONEOS_DEPLOYMENT_TARGET = 13.0;
				LD_RUNPATH_SEARCH_PATHS = (
					"$(inherited)",
					"@executable_path/Frameworks",
				);
				PRODUCT_BUNDLE_IDENTIFIER = com.sopt.Dangma;
				PRODUCT_NAME = "$(TARGET_NAME)";
				SWIFT_VERSION = 5.0;
				TARGETED_DEVICE_FAMILY = 1;
			};
			name = Release;
		};
/* End XCBuildConfiguration section */

/* Begin XCConfigurationList section */
		D1C08F92255F89140097D848 /* Build configuration list for PBXProject "Dangma" */ = {
			isa = XCConfigurationList;
			buildConfigurations = (
				D1C08FA9255F89170097D848 /* Debug */,
				D1C08FAA255F89170097D848 /* Release */,
			);
			defaultConfigurationIsVisible = 0;
			defaultConfigurationName = Release;
		};
		D1C08FAB255F89170097D848 /* Build configuration list for PBXNativeTarget "Dangma" */ = {
			isa = XCConfigurationList;
			buildConfigurations = (
				D1C08FAC255F89170097D848 /* Debug */,
				D1C08FAD255F89170097D848 /* Release */,
			);
			defaultConfigurationIsVisible = 0;
			defaultConfigurationName = Release;
		};
/* End XCConfigurationList section */
	};
	rootObject = D1C08F8F255F89140097D848 /* Project object */;
}
